// !$*UTF8*$!
{
	archiveVersion = 1;
	classes = {
	};
	objectVersion = 55;
	objects = {

/* Begin PBXBuildFile section */
		7D05325129B9727600107695 /* FriendListTableViewCell.swift in Sources */ = {isa = PBXBuildFile; fileRef = 7D05325029B9727600107695 /* FriendListTableViewCell.swift */; };
		7D05325A29B9A2D800107695 /* APIConstant.swift in Sources */ = {isa = PBXBuildFile; fileRef = 7D05325329B9A2D800107695 /* APIConstant.swift */; };
		7D05325B29B9A2D800107695 /* ResponseResult.swift in Sources */ = {isa = PBXBuildFile; fileRef = 7D05325429B9A2D800107695 /* ResponseResult.swift */; };
		7D05325C29B9A2D800107695 /* NetworkManager.swift in Sources */ = {isa = PBXBuildFile; fileRef = 7D05325529B9A2D800107695 /* NetworkManager.swift */; };
		7D05325D29B9A2D800107695 /* RequestProtocol.swift in Sources */ = {isa = PBXBuildFile; fileRef = 7D05325629B9A2D800107695 /* RequestProtocol.swift */; };
		7D05325E29B9A2D800107695 /* Response.swift in Sources */ = {isa = PBXBuildFile; fileRef = 7D05325729B9A2D800107695 /* Response.swift */; };
		7D05325F29B9A2D800107695 /* API.swift in Sources */ = {isa = PBXBuildFile; fileRef = 7D05325829B9A2D800107695 /* API.swift */; };
		7D05326029B9A2D800107695 /* Requset.swift in Sources */ = {isa = PBXBuildFile; fileRef = 7D05325929B9A2D800107695 /* Requset.swift */; };
		7D05326329B9AD4000107695 /* Friend.swift in Sources */ = {isa = PBXBuildFile; fileRef = 7D05326229B9AD4000107695 /* Friend.swift */; };
		7D05326629B9AE9900107695 /* FriendListViewModel.swift in Sources */ = {isa = PBXBuildFile; fileRef = 7D05326529B9AE9900107695 /* FriendListViewModel.swift */; };
		7D05326829B9B6C000107695 /* FriendViewModel.swift in Sources */ = {isa = PBXBuildFile; fileRef = 7D05326729B9B6C000107695 /* FriendViewModel.swift */; };
		7D05326E29B9BA8500107695 /* User.swift in Sources */ = {isa = PBXBuildFile; fileRef = 7D05326D29B9BA8500107695 /* User.swift */; };
		7D22C23D29B45A55001D8D9D /* AppDelegate.swift in Sources */ = {isa = PBXBuildFile; fileRef = 7D22C23C29B45A55001D8D9D /* AppDelegate.swift */; };
		7D22C23F29B45A55001D8D9D /* SceneDelegate.swift in Sources */ = {isa = PBXBuildFile; fileRef = 7D22C23E29B45A55001D8D9D /* SceneDelegate.swift */; };
		7D22C24129B45A55001D8D9D /* ViewController.swift in Sources */ = {isa = PBXBuildFile; fileRef = 7D22C24029B45A55001D8D9D /* ViewController.swift */; };
		7D22C24429B45A55001D8D9D /* Main.storyboard in Resources */ = {isa = PBXBuildFile; fileRef = 7D22C24229B45A55001D8D9D /* Main.storyboard */; };
		7D22C24629B45A58001D8D9D /* Assets.xcassets in Resources */ = {isa = PBXBuildFile; fileRef = 7D22C24529B45A58001D8D9D /* Assets.xcassets */; };
		7D22C24929B45A58001D8D9D /* LaunchScreen.storyboard in Resources */ = {isa = PBXBuildFile; fileRef = 7D22C24729B45A58001D8D9D /* LaunchScreen.storyboard */; };
		7D22C25229B4613C001D8D9D /* FriendListViewController.swift in Sources */ = {isa = PBXBuildFile; fileRef = 7D22C25129B4613C001D8D9D /* FriendListViewController.swift */; };
		7D22C25429B46737001D8D9D /* TabBarController.swift in Sources */ = {isa = PBXBuildFile; fileRef = 7D22C25329B46737001D8D9D /* TabBarController.swift */; };
		7D22C25729B7D309001D8D9D /* UIColor.swift in Sources */ = {isa = PBXBuildFile; fileRef = 7D22C25629B7D309001D8D9D /* UIColor.swift */; };
		7D22C25929B87B98001D8D9D /* UIButton.swift in Sources */ = {isa = PBXBuildFile; fileRef = 7D22C25829B87B98001D8D9D /* UIButton.swift */; };
		7DB8558929B9D2F80039EBFA /* UserViewModel.swift in Sources */ = {isa = PBXBuildFile; fileRef = 7DB8558829B9D2F80039EBFA /* UserViewModel.swift */; };
		AC3A6E07776970020B76926F /* Pods_KoKoFriend.framework in Frameworks */ = {isa = PBXBuildFile; fileRef = 73DB7D4C45DA98A9C536CAC3 /* Pods_KoKoFriend.framework */; };
/* End PBXBuildFile section */

/* Begin PBXFileReference section */
		33DF60FD7A1645D5A006570C /* Pods-KoKoFriend.debug.xcconfig */ = {isa = PBXFileReference; includeInIndex = 1; lastKnownFileType = text.xcconfig; name = "Pods-KoKoFriend.debug.xcconfig"; path = "Target Support Files/Pods-KoKoFriend/Pods-KoKoFriend.debug.xcconfig"; sourceTree = "<group>"; };
		5EFBA5CA2E394B8AA74E69E0 /* Pods-KoKoFriend.release.xcconfig */ = {isa = PBXFileReference; includeInIndex = 1; lastKnownFileType = text.xcconfig; name = "Pods-KoKoFriend.release.xcconfig"; path = "Target Support Files/Pods-KoKoFriend/Pods-KoKoFriend.release.xcconfig"; sourceTree = "<group>"; };
		73DB7D4C45DA98A9C536CAC3 /* Pods_KoKoFriend.framework */ = {isa = PBXFileReference; explicitFileType = wrapper.framework; includeInIndex = 0; path = Pods_KoKoFriend.framework; sourceTree = BUILT_PRODUCTS_DIR; };
		7D05325029B9727600107695 /* FriendListTableViewCell.swift */ = {isa = PBXFileReference; lastKnownFileType = sourcecode.swift; path = FriendListTableViewCell.swift; sourceTree = "<group>"; };
		7D05325329B9A2D800107695 /* APIConstant.swift */ = {isa = PBXFileReference; fileEncoding = 4; lastKnownFileType = sourcecode.swift; path = APIConstant.swift; sourceTree = "<group>"; };
		7D05325429B9A2D800107695 /* ResponseResult.swift */ = {isa = PBXFileReference; fileEncoding = 4; lastKnownFileType = sourcecode.swift; path = ResponseResult.swift; sourceTree = "<group>"; };
		7D05325529B9A2D800107695 /* NetworkManager.swift */ = {isa = PBXFileReference; fileEncoding = 4; lastKnownFileType = sourcecode.swift; path = NetworkManager.swift; sourceTree = "<group>"; };
		7D05325629B9A2D800107695 /* RequestProtocol.swift */ = {isa = PBXFileReference; fileEncoding = 4; lastKnownFileType = sourcecode.swift; path = RequestProtocol.swift; sourceTree = "<group>"; };
		7D05325729B9A2D800107695 /* Response.swift */ = {isa = PBXFileReference; fileEncoding = 4; lastKnownFileType = sourcecode.swift; path = Response.swift; sourceTree = "<group>"; };
		7D05325829B9A2D800107695 /* API.swift */ = {isa = PBXFileReference; fileEncoding = 4; lastKnownFileType = sourcecode.swift; path = API.swift; sourceTree = "<group>"; };
		7D05325929B9A2D800107695 /* Requset.swift */ = {isa = PBXFileReference; fileEncoding = 4; lastKnownFileType = sourcecode.swift; path = Requset.swift; sourceTree = "<group>"; };
		7D05326229B9AD4000107695 /* Friend.swift */ = {isa = PBXFileReference; lastKnownFileType = sourcecode.swift; path = Friend.swift; sourceTree = "<group>"; };
		7D05326529B9AE9900107695 /* FriendListViewModel.swift */ = {isa = PBXFileReference; lastKnownFileType = sourcecode.swift; path = FriendListViewModel.swift; sourceTree = "<group>"; };
		7D05326729B9B6C000107695 /* FriendViewModel.swift */ = {isa = PBXFileReference; lastKnownFileType = sourcecode.swift; path = FriendViewModel.swift; sourceTree = "<group>"; };
		7D05326D29B9BA8500107695 /* User.swift */ = {isa = PBXFileReference; lastKnownFileType = sourcecode.swift; path = User.swift; sourceTree = "<group>"; };
		7D22C23929B45A55001D8D9D /* KoKoFriend.app */ = {isa = PBXFileReference; explicitFileType = wrapper.application; includeInIndex = 0; path = KoKoFriend.app; sourceTree = BUILT_PRODUCTS_DIR; };
		7D22C23C29B45A55001D8D9D /* AppDelegate.swift */ = {isa = PBXFileReference; lastKnownFileType = sourcecode.swift; path = AppDelegate.swift; sourceTree = "<group>"; };
		7D22C23E29B45A55001D8D9D /* SceneDelegate.swift */ = {isa = PBXFileReference; lastKnownFileType = sourcecode.swift; path = SceneDelegate.swift; sourceTree = "<group>"; };
		7D22C24029B45A55001D8D9D /* ViewController.swift */ = {isa = PBXFileReference; lastKnownFileType = sourcecode.swift; path = ViewController.swift; sourceTree = "<group>"; };
		7D22C24329B45A55001D8D9D /* Base */ = {isa = PBXFileReference; lastKnownFileType = file.storyboard; name = Base; path = Base.lproj/Main.storyboard; sourceTree = "<group>"; };
		7D22C24529B45A58001D8D9D /* Assets.xcassets */ = {isa = PBXFileReference; lastKnownFileType = folder.assetcatalog; path = Assets.xcassets; sourceTree = "<group>"; };
		7D22C24829B45A58001D8D9D /* Base */ = {isa = PBXFileReference; lastKnownFileType = file.storyboard; name = Base; path = Base.lproj/LaunchScreen.storyboard; sourceTree = "<group>"; };
		7D22C24A29B45A58001D8D9D /* Info.plist */ = {isa = PBXFileReference; lastKnownFileType = text.plist.xml; path = Info.plist; sourceTree = "<group>"; };
		7D22C25129B4613C001D8D9D /* FriendListViewController.swift */ = {isa = PBXFileReference; lastKnownFileType = sourcecode.swift; path = FriendListViewController.swift; sourceTree = "<group>"; };
		7D22C25329B46737001D8D9D /* TabBarController.swift */ = {isa = PBXFileReference; lastKnownFileType = sourcecode.swift; path = TabBarController.swift; sourceTree = "<group>"; };
		7D22C25629B7D309001D8D9D /* UIColor.swift */ = {isa = PBXFileReference; lastKnownFileType = sourcecode.swift; path = UIColor.swift; sourceTree = "<group>"; };
		7D22C25829B87B98001D8D9D /* UIButton.swift */ = {isa = PBXFileReference; lastKnownFileType = sourcecode.swift; path = UIButton.swift; sourceTree = "<group>"; };
		7DB8558829B9D2F80039EBFA /* UserViewModel.swift */ = {isa = PBXFileReference; lastKnownFileType = sourcecode.swift; path = UserViewModel.swift; sourceTree = "<group>"; };
/* End PBXFileReference section */

/* Begin PBXFrameworksBuildPhase section */
		7D22C23629B45A55001D8D9D /* Frameworks */ = {
			isa = PBXFrameworksBuildPhase;
			buildActionMask = 2147483647;
			files = (
				AC3A6E07776970020B76926F /* Pods_KoKoFriend.framework in Frameworks */,
			);
			runOnlyForDeploymentPostprocessing = 0;
		};
/* End PBXFrameworksBuildPhase section */

/* Begin PBXGroup section */
		7D05324F29B971EC00107695 /* TableViewCell */ = {
			isa = PBXGroup;
			children = (
				7D05325029B9727600107695 /* FriendListTableViewCell.swift */,
			);
			path = TableViewCell;
			sourceTree = "<group>";
		};
		7D05325229B9A2D800107695 /* Network */ = {
			isa = PBXGroup;
			children = (
				7D05325329B9A2D800107695 /* APIConstant.swift */,
				7D05325429B9A2D800107695 /* ResponseResult.swift */,
				7D05325529B9A2D800107695 /* NetworkManager.swift */,
				7D05325629B9A2D800107695 /* RequestProtocol.swift */,
				7D05325729B9A2D800107695 /* Response.swift */,
				7D05325829B9A2D800107695 /* API.swift */,
				7D05325929B9A2D800107695 /* Requset.swift */,
			);
			path = Network;
			sourceTree = "<group>";
		};
		7D05326129B9AB5300107695 /* Model */ = {
			isa = PBXGroup;
			children = (
				7D05326229B9AD4000107695 /* Friend.swift */,
				7D05326D29B9BA8500107695 /* User.swift */,
			);
			path = Model;
			sourceTree = "<group>";
		};
		7D05326429B9AE5C00107695 /* ViewModel */ = {
			isa = PBXGroup;
			children = (
				7D05326529B9AE9900107695 /* FriendListViewModel.swift */,
				7D05326729B9B6C000107695 /* FriendViewModel.swift */,
				7DB8558829B9D2F80039EBFA /* UserViewModel.swift */,
			);
			path = ViewModel;
			sourceTree = "<group>";
		};
		7D22C23029B45A55001D8D9D = {
			isa = PBXGroup;
			children = (
				7D22C23B29B45A55001D8D9D /* KoKoFriend */,
				7D22C23A29B45A55001D8D9D /* Products */,
				D9CB0D47834C6F01E3621D3C /* Pods */,
				A0336103ECDD83CE4A4CFF04 /* Frameworks */,
			);
			sourceTree = "<group>";
		};
		7D22C23A29B45A55001D8D9D /* Products */ = {
			isa = PBXGroup;
			children = (
				7D22C23929B45A55001D8D9D /* KoKoFriend.app */,
			);
			name = Products;
			sourceTree = "<group>";
		};
		7D22C23B29B45A55001D8D9D /* KoKoFriend */ = {
			isa = PBXGroup;
			children = (
				7D05326429B9AE5C00107695 /* ViewModel */,
				7D05326129B9AB5300107695 /* Model */,
				7D05325229B9A2D800107695 /* Network */,
				7D05324F29B971EC00107695 /* TableViewCell */,
				7D22C25529B7D2E4001D8D9D /* Extension */,
				7D22C25029B460E1001D8D9D /* ViewController */,
				7D22C23C29B45A55001D8D9D /* AppDelegate.swift */,
				7D22C23E29B45A55001D8D9D /* SceneDelegate.swift */,
				7D22C24229B45A55001D8D9D /* Main.storyboard */,
				7D22C24529B45A58001D8D9D /* Assets.xcassets */,
				7D22C24729B45A58001D8D9D /* LaunchScreen.storyboard */,
				7D22C24A29B45A58001D8D9D /* Info.plist */,
			);
			path = KoKoFriend;
			sourceTree = "<group>";
		};
		7D22C25029B460E1001D8D9D /* ViewController */ = {
			isa = PBXGroup;
			children = (
				7D22C24029B45A55001D8D9D /* ViewController.swift */,
				7D22C25129B4613C001D8D9D /* FriendListViewController.swift */,
				7D22C25329B46737001D8D9D /* TabBarController.swift */,
			);
			path = ViewController;
			sourceTree = "<group>";
		};
		7D22C25529B7D2E4001D8D9D /* Extension */ = {
			isa = PBXGroup;
			children = (
				7D22C25629B7D309001D8D9D /* UIColor.swift */,
				7D22C25829B87B98001D8D9D /* UIButton.swift */,
			);
			path = Extension;
			sourceTree = "<group>";
		};
		A0336103ECDD83CE4A4CFF04 /* Frameworks */ = {
			isa = PBXGroup;
			children = (
				73DB7D4C45DA98A9C536CAC3 /* Pods_KoKoFriend.framework */,
			);
			name = Frameworks;
			sourceTree = "<group>";
		};
		D9CB0D47834C6F01E3621D3C /* Pods */ = {
			isa = PBXGroup;
			children = (
				33DF60FD7A1645D5A006570C /* Pods-KoKoFriend.debug.xcconfig */,
				5EFBA5CA2E394B8AA74E69E0 /* Pods-KoKoFriend.release.xcconfig */,
			);
			path = Pods;
			sourceTree = "<group>";
		};
/* End PBXGroup section */

/* Begin PBXNativeTarget section */
		7D22C23829B45A55001D8D9D /* KoKoFriend */ = {
			isa = PBXNativeTarget;
			buildConfigurationList = 7D22C24D29B45A58001D8D9D /* Build configuration list for PBXNativeTarget "KoKoFriend" */;
			buildPhases = (
				D266DB5235739DF4709D6D66 /* [CP] Check Pods Manifest.lock */,
				7D22C23529B45A55001D8D9D /* Sources */,
				7D22C23629B45A55001D8D9D /* Frameworks */,
				7D22C23729B45A55001D8D9D /* Resources */,
				91905F43EABA0B0CCCCA32FA /* [CP] Embed Pods Frameworks */,
			);
			buildRules = (
			);
			dependencies = (
			);
			name = KoKoFriend;
			productName = KoKoFriend;
			productReference = 7D22C23929B45A55001D8D9D /* KoKoFriend.app */;
			productType = "com.apple.product-type.application";
		};
/* End PBXNativeTarget section */

/* Begin PBXProject section */
		7D22C23129B45A55001D8D9D /* Project object */ = {
			isa = PBXProject;
			attributes = {
				BuildIndependentTargetsInParallel = 1;
				LastSwiftUpdateCheck = 1320;
				LastUpgradeCheck = 1320;
				TargetAttributes = {
					7D22C23829B45A55001D8D9D = {
						CreatedOnToolsVersion = 13.2.1;
					};
				};
			};
			buildConfigurationList = 7D22C23429B45A55001D8D9D /* Build configuration list for PBXProject "KoKoFriend" */;
			compatibilityVersion = "Xcode 13.0";
			developmentRegion = en;
			hasScannedForEncodings = 0;
			knownRegions = (
				en,
				Base,
			);
			mainGroup = 7D22C23029B45A55001D8D9D;
			productRefGroup = 7D22C23A29B45A55001D8D9D /* Products */;
			projectDirPath = "";
			projectRoot = "";
			targets = (
				7D22C23829B45A55001D8D9D /* KoKoFriend */,
			);
		};
/* End PBXProject section */

/* Begin PBXResourcesBuildPhase section */
		7D22C23729B45A55001D8D9D /* Resources */ = {
			isa = PBXResourcesBuildPhase;
			buildActionMask = 2147483647;
			files = (
				7D22C24929B45A58001D8D9D /* LaunchScreen.storyboard in Resources */,
				7D22C24629B45A58001D8D9D /* Assets.xcassets in Resources */,
				7D22C24429B45A55001D8D9D /* Main.storyboard in Resources */,
			);
			runOnlyForDeploymentPostprocessing = 0;
		};
/* End PBXResourcesBuildPhase section */

/* Begin PBXShellScriptBuildPhase section */
		91905F43EABA0B0CCCCA32FA /* [CP] Embed Pods Frameworks */ = {
			isa = PBXShellScriptBuildPhase;
			buildActionMask = 2147483647;
			files = (
			);
			inputFileListPaths = (
				"${PODS_ROOT}/Target Support Files/Pods-KoKoFriend/Pods-KoKoFriend-frameworks-${CONFIGURATION}-input-files.xcfilelist",
			);
			name = "[CP] Embed Pods Frameworks";
			outputFileListPaths = (
				"${PODS_ROOT}/Target Support Files/Pods-KoKoFriend/Pods-KoKoFriend-frameworks-${CONFIGURATION}-output-files.xcfilelist",
			);
			runOnlyForDeploymentPostprocessing = 0;
			shellPath = /bin/sh;
			shellScript = "\"${PODS_ROOT}/Target Support Files/Pods-KoKoFriend/Pods-KoKoFriend-frameworks.sh\"\n";
			showEnvVarsInLog = 0;
		};
		D266DB5235739DF4709D6D66 /* [CP] Check Pods Manifest.lock */ = {
			isa = PBXShellScriptBuildPhase;
			buildActionMask = 2147483647;
			files = (
			);
			inputFileListPaths = (
			);
			inputPaths = (
				"${PODS_PODFILE_DIR_PATH}/Podfile.lock",
				"${PODS_ROOT}/Manifest.lock",
			);
			name = "[CP] Check Pods Manifest.lock";
			outputFileListPaths = (
			);
			outputPaths = (
				"$(DERIVED_FILE_DIR)/Pods-KoKoFriend-checkManifestLockResult.txt",
			);
			runOnlyForDeploymentPostprocessing = 0;
			shellPath = /bin/sh;
			shellScript = "diff \"${PODS_PODFILE_DIR_PATH}/Podfile.lock\" \"${PODS_ROOT}/Manifest.lock\" > /dev/null\nif [ $? != 0 ] ; then\n    # print error to STDERR\n    echo \"error: The sandbox is not in sync with the Podfile.lock. Run 'pod install' or update your CocoaPods installation.\" >&2\n    exit 1\nfi\n# This output is used by Xcode 'outputs' to avoid re-running this script phase.\necho \"SUCCESS\" > \"${SCRIPT_OUTPUT_FILE_0}\"\n";
			showEnvVarsInLog = 0;
		};
/* End PBXShellScriptBuildPhase section */

/* Begin PBXSourcesBuildPhase section */
		7D22C23529B45A55001D8D9D /* Sources */ = {
			isa = PBXSourcesBuildPhase;
			buildActionMask = 2147483647;
			files = (
				7D22C25229B4613C001D8D9D /* FriendListViewController.swift in Sources */,
				7D22C25729B7D309001D8D9D /* UIColor.swift in Sources */,
				7D05326829B9B6C000107695 /* FriendViewModel.swift in Sources */,
				7D05325A29B9A2D800107695 /* APIConstant.swift in Sources */,
				7D05325D29B9A2D800107695 /* RequestProtocol.swift in Sources */,
				7D05325B29B9A2D800107695 /* ResponseResult.swift in Sources */,
				7D05325C29B9A2D800107695 /* NetworkManager.swift in Sources */,
				7D05325F29B9A2D800107695 /* API.swift in Sources */,
				7D05325E29B9A2D800107695 /* Response.swift in Sources */,
				7D22C24129B45A55001D8D9D /* ViewController.swift in Sources */,
				7D22C23D29B45A55001D8D9D /* AppDelegate.swift in Sources */,
				7D22C25929B87B98001D8D9D /* UIButton.swift in Sources */,
				7D05326629B9AE9900107695 /* FriendListViewModel.swift in Sources */,
				7DB8558929B9D2F80039EBFA /* UserViewModel.swift in Sources */,
				7D22C25429B46737001D8D9D /* TabBarController.swift in Sources */,
				7D22C23F29B45A55001D8D9D /* SceneDelegate.swift in Sources */,
				7D05326029B9A2D800107695 /* Requset.swift in Sources */,
				7D05325129B9727600107695 /* FriendListTableViewCell.swift in Sources */,
				7D05326329B9AD4000107695 /* Friend.swift in Sources */,
				7D05326E29B9BA8500107695 /* User.swift in Sources */,
			);
			runOnlyForDeploymentPostprocessing = 0;
		};
/* End PBXSourcesBuildPhase section */

/* Begin PBXVariantGroup section */
		7D22C24229B45A55001D8D9D /* Main.storyboard */ = {
			isa = PBXVariantGroup;
			children = (
				7D22C24329B45A55001D8D9D /* Base */,
			);
			name = Main.storyboard;
			sourceTree = "<group>";
		};
		7D22C24729B45A58001D8D9D /* LaunchScreen.storyboard */ = {
			isa = PBXVariantGroup;
			children = (
				7D22C24829B45A58001D8D9D /* Base */,
			);
			name = LaunchScreen.storyboard;
			sourceTree = "<group>";
		};
/* End PBXVariantGroup section */

/* Begin XCBuildConfiguration section */
		7D22C24B29B45A58001D8D9D /* Debug */ = {
			isa = XCBuildConfiguration;
			buildSettings = {
				ALWAYS_SEARCH_USER_PATHS = NO;
				CLANG_ANALYZER_NONNULL = YES;
				CLANG_ANALYZER_NUMBER_OBJECT_CONVERSION = YES_AGGRESSIVE;
				CLANG_CXX_LANGUAGE_STANDARD = "gnu++17";
				CLANG_CXX_LIBRARY = "libc++";
				CLANG_ENABLE_MODULES = YES;
				CLANG_ENABLE_OBJC_ARC = YES;
				CLANG_ENABLE_OBJC_WEAK = YES;
				CLANG_WARN_BLOCK_CAPTURE_AUTORELEASING = YES;
				CLANG_WARN_BOOL_CONVERSION = YES;
				CLANG_WARN_COMMA = YES;
				CLANG_WARN_CONSTANT_CONVERSION = YES;
				CLANG_WARN_DEPRECATED_OBJC_IMPLEMENTATIONS = YES;
				CLANG_WARN_DIRECT_OBJC_ISA_USAGE = YES_ERROR;
				CLANG_WARN_DOCUMENTATION_COMMENTS = YES;
				CLANG_WARN_EMPTY_BODY = YES;
				CLANG_WARN_ENUM_CONVERSION = YES;
				CLANG_WARN_INFINITE_RECURSION = YES;
				CLANG_WARN_INT_CONVERSION = YES;
				CLANG_WARN_NON_LITERAL_NULL_CONVERSION = YES;
				CLANG_WARN_OBJC_IMPLICIT_RETAIN_SELF = YES;
				CLANG_WARN_OBJC_LITERAL_CONVERSION = YES;
				CLANG_WARN_OBJC_ROOT_CLASS = YES_ERROR;
				CLANG_WARN_QUOTED_INCLUDE_IN_FRAMEWORK_HEADER = YES;
				CLANG_WARN_RANGE_LOOP_ANALYSIS = YES;
				CLANG_WARN_STRICT_PROTOTYPES = YES;
				CLANG_WARN_SUSPICIOUS_MOVE = YES;
				CLANG_WARN_UNGUARDED_AVAILABILITY = YES_AGGRESSIVE;
				CLANG_WARN_UNREACHABLE_CODE = YES;
				CLANG_WARN__DUPLICATE_METHOD_MATCH = YES;
				COPY_PHASE_STRIP = NO;
				DEBUG_INFORMATION_FORMAT = dwarf;
				ENABLE_STRICT_OBJC_MSGSEND = YES;
				ENABLE_TESTABILITY = YES;
				GCC_C_LANGUAGE_STANDARD = gnu11;
				GCC_DYNAMIC_NO_PIC = NO;
				GCC_NO_COMMON_BLOCKS = YES;
				GCC_OPTIMIZATION_LEVEL = 0;
				GCC_PREPROCESSOR_DEFINITIONS = (
					"DEBUG=1",
					"$(inherited)",
				);
				GCC_WARN_64_TO_32_BIT_CONVERSION = YES;
				GCC_WARN_ABOUT_RETURN_TYPE = YES_ERROR;
				GCC_WARN_UNDECLARED_SELECTOR = YES;
				GCC_WARN_UNINITIALIZED_AUTOS = YES_AGGRESSIVE;
				GCC_WARN_UNUSED_FUNCTION = YES;
				GCC_WARN_UNUSED_VARIABLE = YES;
				IPHONEOS_DEPLOYMENT_TARGET = 15.2;
				MTL_ENABLE_DEBUG_INFO = INCLUDE_SOURCE;
				MTL_FAST_MATH = YES;
				ONLY_ACTIVE_ARCH = YES;
				SDKROOT = iphoneos;
				SWIFT_ACTIVE_COMPILATION_CONDITIONS = DEBUG;
				SWIFT_OPTIMIZATION_LEVEL = "-Onone";
			};
			name = Debug;
		};
		7D22C24C29B45A58001D8D9D /* Release */ = {
			isa = XCBuildConfiguration;
			buildSettings = {
				ALWAYS_SEARCH_USER_PATHS = NO;
				CLANG_ANALYZER_NONNULL = YES;
				CLANG_ANALYZER_NUMBER_OBJECT_CONVERSION = YES_AGGRESSIVE;
				CLANG_CXX_LANGUAGE_STANDARD = "gnu++17";
				CLANG_CXX_LIBRARY = "libc++";
				CLANG_ENABLE_MODULES = YES;
				CLANG_ENABLE_OBJC_ARC = YES;
				CLANG_ENABLE_OBJC_WEAK = YES;
				CLANG_WARN_BLOCK_CAPTURE_AUTORELEASING = YES;
				CLANG_WARN_BOOL_CONVERSION = YES;
				CLANG_WARN_COMMA = YES;
				CLANG_WARN_CONSTANT_CONVERSION = YES;
				CLANG_WARN_DEPRECATED_OBJC_IMPLEMENTATIONS = YES;
				CLANG_WARN_DIRECT_OBJC_ISA_USAGE = YES_ERROR;
				CLANG_WARN_DOCUMENTATION_COMMENTS = YES;
				CLANG_WARN_EMPTY_BODY = YES;
				CLANG_WARN_ENUM_CONVERSION = YES;
				CLANG_WARN_INFINITE_RECURSION = YES;
				CLANG_WARN_INT_CONVERSION = YES;
				CLANG_WARN_NON_LITERAL_NULL_CONVERSION = YES;
				CLANG_WARN_OBJC_IMPLICIT_RETAIN_SELF = YES;
				CLANG_WARN_OBJC_LITERAL_CONVERSION = YES;
				CLANG_WARN_OBJC_ROOT_CLASS = YES_ERROR;
				CLANG_WARN_QUOTED_INCLUDE_IN_FRAMEWORK_HEADER = YES;
				CLANG_WARN_RANGE_LOOP_ANALYSIS = YES;
				CLANG_WARN_STRICT_PROTOTYPES = YES;
				CLANG_WARN_SUSPICIOUS_MOVE = YES;
				CLANG_WARN_UNGUARDED_AVAILABILITY = YES_AGGRESSIVE;
				CLANG_WARN_UNREACHABLE_CODE = YES;
				CLANG_WARN__DUPLICATE_METHOD_MATCH = YES;
				COPY_PHASE_STRIP = NO;
				DEBUG_INFORMATION_FORMAT = "dwarf-with-dsym";
				ENABLE_NS_ASSERTIONS = NO;
				ENABLE_STRICT_OBJC_MSGSEND = YES;
				GCC_C_LANGUAGE_STANDARD = gnu11;
				GCC_NO_COMMON_BLOCKS = YES;
				GCC_WARN_64_TO_32_BIT_CONVERSION = YES;
				GCC_WARN_ABOUT_RETURN_TYPE = YES_ERROR;
				GCC_WARN_UNDECLARED_SELECTOR = YES;
				GCC_WARN_UNINITIALIZED_AUTOS = YES_AGGRESSIVE;
				GCC_WARN_UNUSED_FUNCTION = YES;
				GCC_WARN_UNUSED_VARIABLE = YES;
				IPHONEOS_DEPLOYMENT_TARGET = 15.2;
				MTL_ENABLE_DEBUG_INFO = NO;
				MTL_FAST_MATH = YES;
				SDKROOT = iphoneos;
				SWIFT_COMPILATION_MODE = wholemodule;
				SWIFT_OPTIMIZATION_LEVEL = "-O";
				VALIDATE_PRODUCT = YES;
			};
			name = Release;
		};
		7D22C24E29B45A58001D8D9D /* Debug */ = {
			isa = XCBuildConfiguration;
			baseConfigurationReference = 33DF60FD7A1645D5A006570C /* Pods-KoKoFriend.debug.xcconfig */;
			buildSettings = {
				ASSETCATALOG_COMPILER_APPICON_NAME = AppIcon;
				ASSETCATALOG_COMPILER_GLOBAL_ACCENT_COLOR_NAME = AccentColor;
				CODE_SIGN_STYLE = Automatic;
				CURRENT_PROJECT_VERSION = 1;
				DEVELOPMENT_TEAM = 3CCWF8D47P;
				GENERATE_INFOPLIST_FILE = YES;
				INFOPLIST_FILE = KoKoFriend/Info.plist;
				INFOPLIST_KEY_UIApplicationSupportsIndirectInputEvents = YES;
				INFOPLIST_KEY_UILaunchStoryboardName = LaunchScreen;
				INFOPLIST_KEY_UIMainStoryboardFile = Main;
				INFOPLIST_KEY_UISupportedInterfaceOrientations_iPad = "UIInterfaceOrientationPortrait UIInterfaceOrientationPortraitUpsideDown UIInterfaceOrientationLandscapeLeft UIInterfaceOrientationLandscapeRight";
				INFOPLIST_KEY_UISupportedInterfaceOrientations_iPhone = "UIInterfaceOrientationPortrait UIInterfaceOrientationLandscapeLeft UIInterfaceOrientationLandscapeRight";
				LD_RUNPATH_SEARCH_PATHS = (
					"$(inherited)",
					"@executable_path/Frameworks",
				);
				MARKETING_VERSION = 1.0;
				PRODUCT_BUNDLE_IDENTIFIER = com.Boy.KoKoFriend;
				PRODUCT_NAME = "$(TARGET_NAME)";
				SWIFT_EMIT_LOC_STRINGS = YES;
				SWIFT_VERSION = 5.0;
				TARGETED_DEVICE_FAMILY = "1,2";
			};
			name = Debug;
		};
		7D22C24F29B45A58001D8D9D /* Release */ = {
			isa = XCBuildConfiguration;
			baseConfigurationReference = 5EFBA5CA2E394B8AA74E69E0 /* Pods-KoKoFriend.release.xcconfig */;
			buildSettings = {
				ASSETCATALOG_COMPILER_APPICON_NAME = AppIcon;
				ASSETCATALOG_COMPILER_GLOBAL_ACCENT_COLOR_NAME = AccentColor;
				CODE_SIGN_STYLE = Automatic;
				CURRENT_PROJECT_VERSION = 1;
				DEVELOPMENT_TEAM = 3CCWF8D47P;
				GENERATE_INFOPLIST_FILE = YES;
				INFOPLIST_FILE = KoKoFriend/Info.plist;
				INFOPLIST_KEY_UIApplicationSupportsIndirectInputEvents = YES;
				INFOPLIST_KEY_UILaunchStoryboardName = LaunchScreen;
				INFOPLIST_KEY_UIMainStoryboardFile = Main;
				INFOPLIST_KEY_UISupportedInterfaceOrientations_iPad = "UIInterfaceOrientationPortrait UIInterfaceOrientationPortraitUpsideDown UIInterfaceOrientationLandscapeLeft UIInterfaceOrientationLandscapeRight";
				INFOPLIST_KEY_UISupportedInterfaceOrientations_iPhone = "UIInterfaceOrientationPortrait UIInterfaceOrientationLandscapeLeft UIInterfaceOrientationLandscapeRight";
				LD_RUNPATH_SEARCH_PATHS = (
					"$(inherited)",
					"@executable_path/Frameworks",
				);
				MARKETING_VERSION = 1.0;
				PRODUCT_BUNDLE_IDENTIFIER = com.Boy.KoKoFriend;
				PRODUCT_NAME = "$(TARGET_NAME)";
				SWIFT_EMIT_LOC_STRINGS = YES;
				SWIFT_VERSION = 5.0;
				TARGETED_DEVICE_FAMILY = "1,2";
			};
			name = Release;
		};
/* End XCBuildConfiguration section */

/* Begin XCConfigurationList section */
		7D22C23429B45A55001D8D9D /* Build configuration list for PBXProject "KoKoFriend" */ = {
			isa = XCConfigurationList;
			buildConfigurations = (
				7D22C24B29B45A58001D8D9D /* Debug */,
				7D22C24C29B45A58001D8D9D /* Release */,
			);
			defaultConfigurationIsVisible = 0;
			defaultConfigurationName = Release;
		};
		7D22C24D29B45A58001D8D9D /* Build configuration list for PBXNativeTarget "KoKoFriend" */ = {
			isa = XCConfigurationList;
			buildConfigurations = (
				7D22C24E29B45A58001D8D9D /* Debug */,
				7D22C24F29B45A58001D8D9D /* Release */,
			);
			defaultConfigurationIsVisible = 0;
			defaultConfigurationName = Release;
		};
/* End XCConfigurationList section */
	};
	rootObject = 7D22C23129B45A55001D8D9D /* Project object */;
}
